
Microsoft Visual Studio Solution File, Format Version 12.00
# Visual Studio Version 16
VisualStudioVersion = 16.0.31112.23
MinimumVisualStudioVersion = 10.0.40219.1
Project("{FAE04EC0-301F-11D3-BF4B-00C04F79EFBC}") = "Lab1Zadatak1", "Lab1Zadatak1\Lab1Zadatak1.csproj", "{DD201B85-69F2-4CC1-AE5B-684C9E8F2C9A}"
EndProject
Global
	GlobalSection(SolutionConfigurationPlatforms) = preSolution
		Debug|Any CPU = Debug|Any CPU
		Release|Any CPU = Release|Any CPU
	EndGlobalSection
	GlobalSection(ProjectConfigurationPlatforms) = postSolution
		{DD201B85-69F2-4CC1-AE5B-684C9E8F2C9A}.Debug|Any CPU.ActiveCfg = Debug|Any CPU
		{DD201B85-69F2-4CC1-AE5B-684C9E8F2C9A}.Debug|Any CPU.Build.0 = Debug|Any CPU
		{DD201B85-69F2-4CC1-AE5B-684C9E8F2C9A}.Release|Any CPU.ActiveCfg = Release|Any CPU
		{DD201B85-69F2-4CC1-AE5B-684C9E8F2C9A}.Release|Any CPU.Build.0 = Release|Any CPU
	EndGlobalSection
	GlobalSection(SolutionProperties) = preSolution
		HideSolutionNode = FALSE
	EndGlobalSection
	GlobalSection(ExtensibilityGlobals) = postSolution
		SolutionGuid = {1666628B-D1AE-48C1-A46C-6019801A46CC}
	EndGlobalSection
EndGlobal
